
Microsoft Visual Studio Solution File, Format Version 12.00
# Visual Studio Version 16
VisualStudioVersion = 16.0.28803.452
MinimumVisualStudioVersion = 10.0.40219.1
Project("{FAE04EC0-301F-11D3-BF4B-00C04F79EFBC}") = "OdeToFood.Web", "OdeToFood.Web\OdeToFood.Web.csproj", "{9F317328-3A86-4DEF-B620-FDA5C471D06B}"
EndProject
Project("{FAE04EC0-301F-11D3-BF4B-00C04F79EFBC}") = "OdeToFood.Data", "OdeToFood.Data\OdeToFood.Data.csproj", "{ED1E11BA-C651-4477-97E7-22CE75798F5B}"
EndProject
Project("{FAE04EC0-301F-11D3-BF4B-00C04F79EFBC}") = "SinglePageApplication", "SinglePageApplication\SinglePageApplication.csproj", "{9DDCB778-34DF-4067-B12B-DBE4B2CB0437}"
EndProject
Project("{FAE04EC0-301F-11D3-BF4B-00C04F79EFBC}") = "WebAPIFundamental", "WebAPIFundamental\WebAPIFundamental.csproj", "{446F01E8-0B76-4DF2-B19E-76AEC6913794}"
EndProject
Global
	GlobalSection(SolutionConfigurationPlatforms) = preSolution
		Debug|Any CPU = Debug|Any CPU
		Release|Any CPU = Release|Any CPU
	EndGlobalSection
	GlobalSection(ProjectConfigurationPlatforms) = postSolution
		{9F317328-3A86-4DEF-B620-FDA5C471D06B}.Debug|Any CPU.ActiveCfg = Debug|Any CPU
		{9F317328-3A86-4DEF-B620-FDA5C471D06B}.Debug|Any CPU.Build.0 = Debug|Any CPU
		{9F317328-3A86-4DEF-B620-FDA5C471D06B}.Release|Any CPU.ActiveCfg = Release|Any CPU
		{9F317328-3A86-4DEF-B620-FDA5C471D06B}.Release|Any CPU.Build.0 = Release|Any CPU
		{ED1E11BA-C651-4477-97E7-22CE75798F5B}.Debug|Any CPU.ActiveCfg = Debug|Any CPU
		{ED1E11BA-C651-4477-97E7-22CE75798F5B}.Debug|Any CPU.Build.0 = Debug|Any CPU
		{ED1E11BA-C651-4477-97E7-22CE75798F5B}.Release|Any CPU.ActiveCfg = Release|Any CPU
		{ED1E11BA-C651-4477-97E7-22CE75798F5B}.Release|Any CPU.Build.0 = Release|Any CPU
		{9DDCB778-34DF-4067-B12B-DBE4B2CB0437}.Debug|Any CPU.ActiveCfg = Debug|Any CPU
		{9DDCB778-34DF-4067-B12B-DBE4B2CB0437}.Debug|Any CPU.Build.0 = Debug|Any CPU
		{9DDCB778-34DF-4067-B12B-DBE4B2CB0437}.Release|Any CPU.ActiveCfg = Release|Any CPU
		{9DDCB778-34DF-4067-B12B-DBE4B2CB0437}.Release|Any CPU.Build.0 = Release|Any CPU
		{446F01E8-0B76-4DF2-B19E-76AEC6913794}.Debug|Any CPU.ActiveCfg = Debug|Any CPU
		{446F01E8-0B76-4DF2-B19E-76AEC6913794}.Debug|Any CPU.Build.0 = Debug|Any CPU
		{446F01E8-0B76-4DF2-B19E-76AEC6913794}.Release|Any CPU.ActiveCfg = Release|Any CPU
		{446F01E8-0B76-4DF2-B19E-76AEC6913794}.Release|Any CPU.Build.0 = Release|Any CPU
	EndGlobalSection
	GlobalSection(SolutionProperties) = preSolution
		HideSolutionNode = FALSE
	EndGlobalSection
	GlobalSection(ExtensibilityGlobals) = postSolution
		SolutionGuid = {622D4B94-8D64-430B-812D-54B802D82D94}
	EndGlobalSection
EndGlobal
